
Microsoft Visual Studio Solution File, Format Version 12.00
# Visual Studio 15
VisualStudioVersion = 15.0.26430.16
MinimumVisualStudioVersion = 10.0.40219.1
Project("{FAE04EC0-301F-11D3-BF4B-00C04F79EFBC}") = "NodeWebResource", "NodeWebResource\NodeWebResource.csproj", "{785AB77C-71F6-4E4B-9C50-0EF84377BA26}"
EndProject
Global
	GlobalSection(SolutionConfigurationPlatforms) = preSolution
		Debug|Any CPU = Debug|Any CPU
		Release|Any CPU = Release|Any CPU
	EndGlobalSection
	GlobalSection(ProjectConfigurationPlatforms) = postSolution
		{785AB77C-71F6-4E4B-9C50-0EF84377BA26}.Debug|Any CPU.ActiveCfg = Debug|Any CPU
		{785AB77C-71F6-4E4B-9C50-0EF84377BA26}.Debug|Any CPU.Build.0 = Debug|Any CPU
		{785AB77C-71F6-4E4B-9C50-0EF84377BA26}.Release|Any CPU.ActiveCfg = Release|Any CPU
		{785AB77C-71F6-4E4B-9C50-0EF84377BA26}.Release|Any CPU.Build.0 = Release|Any CPU
	EndGlobalSection
	GlobalSection(SolutionProperties) = preSolution
		HideSolutionNode = FALSE
	EndGlobalSection
EndGlobal
